{
    "_meta": {
        "hash": {
            "sha256": "4b7ff64384e5df76671d23cfcc4e7d5e56dcc48fcd94f570f4d5d6fedbcfb8e3"
        },
        "pipfile-spec": 6,
        "requires": {
            "python_version": "3.7"
        },
        "sources": [
            {
                "name": "pypi",
                "url": "https://pypi.org/simple",
                "verify_ssl": true
            }
        ]
    },
    "default": {
        "aiohttp": {
            "hashes": [
                "sha256:1e984191d1ec186881ffaed4581092ba04f7c61582a177b187d3a2f07ed9719e",
                "sha256:259ab809ff0727d0e834ac5e8a283dc5e3e0ecc30c4d80b3cd17a4139ce1f326",
                "sha256:2f4d1a4fdce595c947162333353d4a44952a724fba9ca3205a3df99a33d1307a",
                "sha256:32e5f3b7e511aa850829fbe5aa32eb455e5534eaa4b1ce93231d00e2f76e5654",
                "sha256:344c780466b73095a72c616fac5ea9c4665add7fc129f285fbdbca3cccf4612a",
                "sha256:460bd4237d2dbecc3b5ed57e122992f60188afe46e7319116da5eb8a9dfedba4",
                "sha256:4c6efd824d44ae697814a2a85604d8e992b875462c6655da161ff18fd4f29f17",
                "sha256:50aaad128e6ac62e7bf7bd1f0c0a24bc968a0c0590a726d5a955af193544bcec",
                "sha256:6206a135d072f88da3e71cc501c59d5abffa9d0bb43269a6dcd28d66bfafdbdd",
                "sha256:65f31b622af739a802ca6fd1a3076fd0ae523f8485c52924a89561ba10c49b48",
                "sha256:ae55bac364c405caa23a4f2d6cfecc6a0daada500274ffca4a9230e7129eac59",
                "sha256:b778ce0c909a2653741cb4b1ac7015b5c130ab9c897611df43ae6a58523cb965"
            ],
            "version": "==3.6.2"
        },
        "aiohttp-cors": {
            "hashes": [
                "sha256:0451ba59fdf6909d0e2cd21e4c0a43752bc0703d33fc78ae94d9d9321710193e",
                "sha256:4d39c6d7100fd9764ed1caf8cebf0eb01bf5e3f24e2e073fda6234bc48b19f5d"
            ],
            "version": "==0.7.0"
        },
        "async-timeout": {
            "hashes": [
                "sha256:0c3c816a028d47f659d6ff5c745cb2acf1f966da1fe5c19c77a70282b25f4c5f",
                "sha256:4291ca197d287d274d0b6cb5d6f8f8f82d434ed288f962539ff18cc9012f9ea3"
            ],
            "version": "==3.0.1"
        },
        "attrs": {
            "hashes": [
                "sha256:08a96c641c3a74e44eb59afb61a24f2cb9f4d7188748e76ba4bb5edfa3cb7d1c",
                "sha256:f7b7ce16570fe9965acd6d30101a28f62fb4a7f9e926b3bbc9b61f8b04247e72"
            ],
            "version": "==19.3.0"
        },
        "chardet": {
            "hashes": [
                "sha256:84ab92ed1c4d4f16916e05906b6b75a6c0fb5db821cc65e70cbd64a3e2a5eaae",
                "sha256:fc323ffcaeaed0e0a02bf4d117757b98aed530d9ed4531e3e15460124c106691"
            ],
            "version": "==3.0.4"
        },
        "click": {
            "hashes": [
                "sha256:2335065e6395b9e67ca716de5f7526736bfa6ceead690adf616d925bdc622b13",
                "sha256:5b94b49521f6456670fdb30cd82a4eca9412788a93fa6dd6df72c94d5a8ff2d7"
            ],
            "version": "==7.0"
        },
        "colorama": {
            "hashes": [
                "sha256:7d73d2a99753107a36ac6b455ee49046802e59d9d076ef8e47b61499fa29afff",
                "sha256:e96da0d330793e2cb9485e9ddfd918d456036c7149416295932478192f4436a1"
            ],
            "markers": "sys_platform == 'win32'",
            "version": "==0.4.3"
        },
        "colorclass": {
            "hashes": [
                "sha256:b05c2a348dfc1aff2d502527d78a5b7b7e2f85da94a96c5081210d8e9ee8e18b"
            ],
            "version": "==2.2.0"
        },
        "colorlog": {
            "hashes": [
                "sha256:30aaef5ab2a1873dec5da38fd6ba568fa761c9fa10b40241027fa3edea47f3d2",
                "sha256:732c191ebbe9a353ec160d043d02c64ddef9028de8caae4cfa8bd49b6afed53e"
            ],
            "version": "==4.1.0"
        },
        "confluent-kafka": {
            "hashes": [
                "sha256:0efd716da4f03f99d45fbb0d1583c5c8bf1eabc258a883588e3cd6ee06c0facb",
                "sha256:1bcb0d45fba5fcfa87971667490ff41ec8aae99e8c66ec61bf2c28e4dabf2737",
                "sha256:1f52d6dd04fc81cb22e89a6b579cde83634f9c98218af6fcb794e8e924fc5de0",
                "sha256:4025ccddbc79443a4e2342de0d770f669558eb737fca2e7851558cd45f78ef78",
                "sha256:413cc9189ba7560bdc1010bbf3cabdcccfb794262f20aa867778e4059e789e88",
                "sha256:4194c11fdfa47fe749eabe7f2bcd259e921a457b046df5fe82d11dd519412327",
                "sha256:48941bff7b151ebe8fc5d958b8b039164ad9bbb4b5b66dde7d8c16ce36fa5ca5",
                "sha256:4d85e900ee59cba6acbe2ed415f6b8b86c86cca4f1cf0782bca24588cb594f52",
                "sha256:5252f989c364b1231eb4bd26db7a6acae1020af53069c7567f4f9627afab2612",
                "sha256:6095b248c457518d3f83ecb981a819512241b3c3fd7f461f3c55405278ab7825",
                "sha256:63245ea826238f7c41002c6583e44d07a3a25fbcedd320af4902bb22d17a67ec",
                "sha256:70a2aa7056143ff30a8259d69327b38838f402fabbcc0699cfd8a7de4123825a",
                "sha256:77f545e9b143b22d2f11609677aacf7d15855b0166a59634fb1b125ac209b7d7",
                "sha256:81a1f91a82c65bc3d3d77dbb821b2c91e36ec482a5fc1dec8996c00c4c5bbd3b",
                "sha256:8469a8780a8d6258d4be08dc882b1d2e8114cfb93ae3836c2841ecfc127efc03",
                "sha256:86685d98e28bc9eade04a06b4979829f1d5c7785bced8cf335152e4dd363e4aa",
                "sha256:86bfac9a48a7a77c1f4972272521f970c4bbd55975a5c7c7d172c21dea094f28",
                "sha256:910cd945e9684c4d1ee8777258e6f3fa6a54e5ff8d361bba65b03275d0e57f18",
                "sha256:9350101ca2db756cb9ca2c5ef410a0c19b200267add97a76c2ffa167ac59685a",
                "sha256:98258fbe75c5d67f0e6103eec1763f9bb713e4258dbdac45ecf8805a975fdd5c",
                "sha256:99d75d06e79ec7d489cd410717d5ad303dee2a632db5d39f5d20f1ec1a40a23e",
                "sha256:a1925564bb10556686a9857ce22c222f1d6e66079d3379e23edec0bb3c19703b",
                "sha256:a4600737ed4ceb6c799319d1d2977c46c00966274d868bcdeba66b655558ee26",
                "sha256:b96882b342b78b082aeedb56ee3c35d137adeadc26a63188ea36ae46ae1d485c",
                "sha256:c57c58f812a21fa8ad9f8bac88b4cd026dfe5b4f1fc9353d4fc0186c9b6d558e",
                "sha256:c72c9223a95b6668a805b175ab39e10a1cb2074e1cfa32a7cace758c744c4238",
                "sha256:ce45cc45b0dd29fb5a297a7f248f98dc5bde0142d48e07a19140f45906296b14",
                "sha256:d060ffc618b5618b8e01bc1414104e4c595746f28029ac91b1f7b63d5bcb72f2",
                "sha256:e3bcb44595824dd1c78980bb57804a18ff8de16e257e747bd2724db88acfee25",
                "sha256:f294a3c3115c2b12a8f0dec6165e1bd427f3a4ca6066a9028e13f9a516c9a162",
                "sha256:f7a8bb7a5e80776a2dd8d4f4edbef1ebd5fdb2f443f87e95e08f6f7c598c33e1",
                "sha256:fcb975bc7b26611e3c5c32f3c584ed860703f0496b22c096642ebc36d8cb4f12"
            ],
            "index": "pypi",
            "version": "==1.3.0"
        },
        "croniter": {
            "hashes": [
                "sha256:8984b4b27ddfc4b95b2bcec17ee31f827426cf1d717c2af79eff4b4435e23197",
                "sha256:cfd0837246845d3f3eb463ae8790bfb7db6ac76743e8f31aacaf37830de7fb52"
            ],
            "version": "==0.3.31"
        },
        "faust": {
            "hashes": [
                "sha256:4cf19e1d21a58c4f62dd876a78b8a426372db57803c038b84fa0b272d0ad636d",
                "sha256:6db0e3f1a089f3406fcac381adcbf6a62abe46b0b5ac207a658d933145648bef",
                "sha256:94fad1b71fe24ddfb08f0f1fa8104fb5545f8d97fd449f813d3760af6c92106e"
            ],
            "index": "pypi",
            "version": "==1.10.1"
        },
        "idna": {
            "hashes": [
                "sha256:c357b3f628cf53ae2c4c05627ecc484553142ca23264e593d327bcde5e9c3407",
                "sha256:ea8b7f6188e6fa117537c3df7da9fc686d485087abf6ac197f9c46432f7e4a3c"
            ],
            "version": "==2.8"
        },
        "kafka-python": {
            "hashes": [
                "sha256:2f29baad4b3efe05a2bb81ac268855aa01cbc68397f15bac77b494ffd7e2cada",
                "sha256:4fbebebfcb6fc94903fb720fe883d7bbec7298f4f1acb857c21dd3b4b114ba4b"
            ],
            "version": "==1.4.7"
        },
        "mode": {
            "hashes": [
                "sha256:19b385e1d4838fc710b5dea82e59cd33c8f73ebf975a53db1404460720dc64f2",
                "sha256:3beda00a7c947f92b3dcefb958d28a9e226c6b789a376dc79581421a3fc1a325"
            ],
            "version": "==4.3.0"
        },
        "multidict": {
            "hashes": [
                "sha256:13f3ebdb5693944f52faa7b2065b751cb7e578b8dd0a5bb8e4ab05ad0188b85e",
                "sha256:26502cefa86d79b86752e96639352c7247846515c864d7c2eb85d036752b643c",
                "sha256:4fba5204d32d5c52439f88437d33ad14b5f228e25072a192453f658bddfe45a7",
                "sha256:527124ef435f39a37b279653ad0238ff606b58328ca7989a6df372fd75d7fe26",
                "sha256:5414f388ffd78c57e77bd253cf829373721f450613de53dc85a08e34d806e8eb",
                "sha256:5eee66f882ab35674944dfa0d28b57fa51e160b4dce0ce19e47f495fdae70703",
                "sha256:63810343ea07f5cd86ba66ab66706243a6f5af075eea50c01e39b4ad6bc3c57a",
                "sha256:6bd10adf9f0d6a98ccc792ab6f83d18674775986ba9bacd376b643fe35633357",
                "sha256:83c6ddf0add57c6b8a7de0bc7e2d656be3eefeff7c922af9a9aae7e49f225625",
                "sha256:93166e0f5379cf6cd29746989f8a594fa7204dcae2e9335ddba39c870a287e1c",
                "sha256:9a7b115ee0b9b92d10ebc246811d8f55d0c57e82dbb6a26b23c9a9a6ad40ce0c",
                "sha256:a38baa3046cce174a07a59952c9f876ae8875ef3559709639c17fdf21f7b30dd",
                "sha256:a6d219f49821f4b2c85c6d426346a5d84dab6daa6f85ca3da6c00ed05b54022d",
                "sha256:a8ed33e8f9b67e3b592c56567135bb42e7e0e97417a4b6a771e60898dfd5182b",
                "sha256:d7d428488c67b09b26928950a395e41cc72bb9c3d5abfe9f0521940ee4f796d4",
                "sha256:dcfed56aa085b89d644af17442cdc2debaa73388feba4b8026446d168ca8dad7",
                "sha256:f29b885e4903bd57a7789f09fe9d60b6475a6c1a4c0eca874d8558f00f9d4b51"
            ],
            "version": "==4.7.4"
        },
        "mypy-extensions": {
            "hashes": [
                "sha256:090fedd75945a69ae91ce1303b5824f428daf5a028d2f6ab8a299250a846f15d",
                "sha256:2d82818f5bb3e369420cb3c4060a7970edba416647068eb4c5343488a6c604a8"
            ],
            "version": "==0.4.3"
        },
        "opentracing": {
            "hashes": [
                "sha256:9b3f7c7a20c34170b9253c97121256264daf6b5f090035c732c6e2548cc5c0a7"
            ],
            "version": "==1.3.0"
        },
        "python-dateutil": {
            "hashes": [
                "sha256:73ebfe9dbf22e832286dafa60473e4cd239f8592f699aa5adaf10050e6e1823c",
                "sha256:75bb3f31ea686f1197762692a9ee6a7550b59fc6ca3a1f4b5d7e32fb98e2da2a"
            ],
            "version": "==2.8.1"
        },
        "robinhood-aiokafka": {
            "hashes": [
                "sha256:31e1c791ffa6862fadf1ba63a0a46a948ac7cbe651b767c01c93dbdf2f594e1e",
                "sha256:5f4a2c8793e6d3a81fee51ad237e212b1d4e59d181a3b7ae69080303b212db3e",
                "sha256:e0ef6d2315f74b89cf1b22f9c521dab057c14e8cc216f0dcee7ce09b1bf914f7"
            ],
            "version": "==1.1.3"
        },
        "six": {
            "hashes": [
                "sha256:236bdbdce46e6e6a3d61a337c0f8b763ca1e8717c03b369e87a7ec7ce1319c0a",
                "sha256:8f3cd2e254d8f793e7f3d6d9df77b92252b52637291d0f0da013c76ea2724b6c"
            ],
            "version": "==1.14.0"
        },
        "terminaltables": {
            "hashes": [
                "sha256:f3eb0eb92e3833972ac36796293ca0906e998dc3be91fbe1f8615b331b853b81"
            ],
            "version": "==3.1.0"
        },
        "typing-extensions": {
            "hashes": [
                "sha256:091ecc894d5e908ac75209f10d5b4f118fbdb2eb1ede6a63544054bb1edb41f2",
                "sha256:910f4656f54de5993ad9304959ce9bb903f90aadc7c67a0bef07e678014e892d",
                "sha256:cf8b63fedea4d89bab840ecbb93e75578af28f76f66c35889bd7065f5af88575"
            ],
            "markers": "python_version < '3.8'",
            "version": "==3.7.4.1"
        },
        "venusian": {
            "hashes": [
                "sha256:2f2d077a1eedc3fda40425f65687c8c494da7e83d7c23bc2c4d1a40eb3ca5b6d",
                "sha256:64ec8285b80b110d0ae5db4280e90e31848a59db98db1aba4d7d46f48ce91e3e"
            ],
            "version": "==1.2.0"
        },
        "yarl": {
            "hashes": [
                "sha256:0c2ab325d33f1b824734b3ef51d4d54a54e0e7a23d13b86974507602334c2cce",
                "sha256:0ca2f395591bbd85ddd50a82eb1fde9c1066fafe888c5c7cc1d810cf03fd3cc6",
                "sha256:2098a4b4b9d75ee352807a95cdf5f10180db903bc5b7270715c6bbe2551f64ce",
                "sha256:25e66e5e2007c7a39541ca13b559cd8ebc2ad8fe00ea94a2aad28a9b1e44e5ae",
                "sha256:26d7c90cb04dee1665282a5d1a998defc1a9e012fdca0f33396f81508f49696d",
                "sha256:308b98b0c8cd1dfef1a0311dc5e38ae8f9b58349226aa0533f15a16717ad702f",
                "sha256:3ce3d4f7c6b69c4e4f0704b32eca8123b9c58ae91af740481aa57d7857b5e41b",
                "sha256:58cd9c469eced558cd81aa3f484b2924e8897049e06889e8ff2510435b7ef74b",
                "sha256:5b10eb0e7f044cf0b035112446b26a3a2946bca9d7d7edb5e54a2ad2f6652abb",
                "sha256:6faa19d3824c21bcbfdfce5171e193c8b4ddafdf0ac3f129ccf0cdfcb083e462",
                "sha256:944494be42fa630134bf907714d40207e646fd5a94423c90d5b514f7b0713fea",
                "sha256:a161de7e50224e8e3de6e184707476b5a989037dcb24292b391a3d66ff158e70",
                "sha256:a4844ebb2be14768f7994f2017f70aca39d658a96c786211be5ddbe1c68794c1",
                "sha256:c2b509ac3d4b988ae8769901c66345425e361d518aecbe4acbfc2567e416626a",
                "sha256:c9959d49a77b0e07559e579f38b2f3711c2b8716b8410b320bf9713013215a1b",
                "sha256:d8cdee92bc930d8b09d8bd2043cedd544d9c8bd7436a77678dd602467a993080",
                "sha256:e15199cdb423316e15f108f51249e44eb156ae5dba232cb73be555324a1d49c2"
            ],
            "version": "==1.4.2"
        }
    },
    "develop": {}
}
